
Microsoft Visual Studio Solution File, Format Version 12.00
# Visual Studio Version 17
VisualStudioVersion = 17.3.32811.315
MinimumVisualStudioVersion = 10.0.40219.1
Project("{FAE04EC0-301F-11D3-BF4B-00C04F79EFBC}") = "SistemaEscolar", "SistemaEscolar\SistemaEscolar.csproj", "{FA345C74-1255-42BC-8B0D-569D9A0682B2}"
EndProject
Project("{FAE04EC0-301F-11D3-BF4B-00C04F79EFBC}") = "Controllers", "Controllers\Controllers.csproj", "{4E8D07E5-A8DD-43CB-8ABB-870D93F3C45E}"
EndProject
Project("{FAE04EC0-301F-11D3-BF4B-00C04F79EFBC}") = "Models", "Models\Models.csproj", "{B2C893B4-6709-419D-AD36-B4C943362C85}"
EndProject
Global
	GlobalSection(SolutionConfigurationPlatforms) = preSolution
		Debug|Any CPU = Debug|Any CPU
		Release|Any CPU = Release|Any CPU
	EndGlobalSection
	GlobalSection(ProjectConfigurationPlatforms) = postSolution
		{FA345C74-1255-42BC-8B0D-569D9A0682B2}.Debug|Any CPU.ActiveCfg = Debug|Any CPU
		{FA345C74-1255-42BC-8B0D-569D9A0682B2}.Debug|Any CPU.Build.0 = Debug|Any CPU
		{FA345C74-1255-42BC-8B0D-569D9A0682B2}.Release|Any CPU.ActiveCfg = Release|Any CPU
		{FA345C74-1255-42BC-8B0D-569D9A0682B2}.Release|Any CPU.Build.0 = Release|Any CPU
		{4E8D07E5-A8DD-43CB-8ABB-870D93F3C45E}.Debug|Any CPU.ActiveCfg = Debug|Any CPU
		{4E8D07E5-A8DD-43CB-8ABB-870D93F3C45E}.Debug|Any CPU.Build.0 = Debug|Any CPU
		{4E8D07E5-A8DD-43CB-8ABB-870D93F3C45E}.Release|Any CPU.ActiveCfg = Release|Any CPU
		{4E8D07E5-A8DD-43CB-8ABB-870D93F3C45E}.Release|Any CPU.Build.0 = Release|Any CPU
		{B2C893B4-6709-419D-AD36-B4C943362C85}.Debug|Any CPU.ActiveCfg = Debug|Any CPU
		{B2C893B4-6709-419D-AD36-B4C943362C85}.Debug|Any CPU.Build.0 = Debug|Any CPU
		{B2C893B4-6709-419D-AD36-B4C943362C85}.Release|Any CPU.ActiveCfg = Release|Any CPU
		{B2C893B4-6709-419D-AD36-B4C943362C85}.Release|Any CPU.Build.0 = Release|Any CPU
	EndGlobalSection
	GlobalSection(SolutionProperties) = preSolution
		HideSolutionNode = FALSE
	EndGlobalSection
	GlobalSection(ExtensibilityGlobals) = postSolution
		SolutionGuid = {1CFDDDDA-6C59-43D4-94ED-6746853ADCB5}
	EndGlobalSection
EndGlobal
